// !$*UTF8*$!
{
	archiveVersion = 1;
	classes = {
	};
	objectVersion = 46;
	objects = {

/* Begin PBXBuildFile section */
		2ECA58241E4C3ADC0033F88D /* main.m in Sources */ = {isa = PBXBuildFile; fileRef = 2ECA58231E4C3ADC0033F88D /* main.m */; };
		2ECA58271E4C3ADC0033F88D /* AppDelegate.m in Sources */ = {isa = PBXBuildFile; fileRef = 2ECA58261E4C3ADC0033F88D /* AppDelegate.m */; };
		2ECA582A1E4C3ADC0033F88D /* ViewController.m in Sources */ = {isa = PBXBuildFile; fileRef = 2ECA58291E4C3ADC0033F88D /* ViewController.m */; };
		2ECA582D1E4C3ADC0033F88D /* Main.storyboard in Resources */ = {isa = PBXBuildFile; fileRef = 2ECA582B1E4C3ADC0033F88D /* Main.storyboard */; };
		2ECA582F1E4C3ADC0033F88D /* Assets.xcassets in Resources */ = {isa = PBXBuildFile; fileRef = 2ECA582E1E4C3ADC0033F88D /* Assets.xcassets */; };
		2ECA58321E4C3ADC0033F88D /* LaunchScreen.storyboard in Resources */ = {isa = PBXBuildFile; fileRef = 2ECA58301E4C3ADC0033F88D /* LaunchScreen.storyboard */; };
		2ECA583D1E4C3ADC0033F88D /* _____Tests.m in Sources */ = {isa = PBXBuildFile; fileRef = 2ECA583C1E4C3ADC0033F88D /* _____Tests.m */; };
		2ECA58481E4C3ADC0033F88D /* _____UITests.m in Sources */ = {isa = PBXBuildFile; fileRef = 2ECA58471E4C3ADC0033F88D /* _____UITests.m */; };
/* End PBXBuildFile section */

/* Begin PBXContainerItemProxy section */
		2ECA58391E4C3ADC0033F88D /* PBXContainerItemProxy */ = {
			isa = PBXContainerItemProxy;
			containerPortal = 2ECA58171E4C3ADC0033F88D /* Project object */;
			proxyType = 1;
			remoteGlobalIDString = 2ECA581E1E4C3ADC0033F88D;
			remoteInfo = "图片查看器";
		};
		2ECA58441E4C3ADC0033F88D /* PBXContainerItemProxy */ = {
			isa = PBXContainerItemProxy;
			containerPortal = 2ECA58171E4C3ADC0033F88D /* Project object */;
			proxyType = 1;
			remoteGlobalIDString = 2ECA581E1E4C3ADC0033F88D;
			remoteInfo = "图片查看器";
		};
/* End PBXContainerItemProxy section */

/* Begin PBXFileReference section */
		2ECA581F1E4C3ADC0033F88D /* 图片查看器.app */ = {isa = PBXFileReference; explicitFileType = wrapper.application; includeInIndex = 0; path = "图片查看器.app"; sourceTree = BUILT_PRODUCTS_DIR; };
		2ECA58231E4C3ADC0033F88D /* main.m */ = {isa = PBXFileReference; lastKnownFileType = sourcecode.c.objc; path = main.m; sourceTree = "<group>"; };
		2ECA58251E4C3ADC0033F88D /* AppDelegate.h */ = {isa = PBXFileReference; lastKnownFileType = sourcecode.c.h; path = AppDelegate.h; sourceTree = "<group>"; };
		2ECA58261E4C3ADC0033F88D /* AppDelegate.m */ = {isa = PBXFileReference; lastKnownFileType = sourcecode.c.objc; path = AppDelegate.m; sourceTree = "<group>"; };
		2ECA58281E4C3ADC0033F88D /* ViewController.h */ = {isa = PBXFileReference; lastKnownFileType = sourcecode.c.h; path = ViewController.h; sourceTree = "<group>"; };
		2ECA58291E4C3ADC0033F88D /* ViewController.m */ = {isa = PBXFileReference; lastKnownFileType = sourcecode.c.objc; path = ViewController.m; sourceTree = "<group>"; };
		2ECA582C1E4C3ADC0033F88D /* Base */ = {isa = PBXFileReference; lastKnownFileType = file.storyboard; name = Base; path = Base.lproj/Main.storyboard; sourceTree = "<group>"; };
		2ECA582E1E4C3ADC0033F88D /* Assets.xcassets */ = {isa = PBXFileReference; lastKnownFileType = folder.assetcatalog; path = Assets.xcassets; sourceTree = "<group>"; };
		2ECA58311E4C3ADC0033F88D /* Base */ = {isa = PBXFileReference; lastKnownFileType = file.storyboard; name = Base; path = Base.lproj/LaunchScreen.storyboard; sourceTree = "<group>"; };
		2ECA58331E4C3ADC0033F88D /* Info.plist */ = {isa = PBXFileReference; lastKnownFileType = text.plist.xml; path = Info.plist; sourceTree = "<group>"; };
		2ECA58381E4C3ADC0033F88D /* 图片查看器Tests.xctest */ = {isa = PBXFileReference; explicitFileType = wrapper.cfbundle; includeInIndex = 0; path = "图片查看器Tests.xctest"; sourceTree = BUILT_PRODUCTS_DIR; };
		2ECA583C1E4C3ADC0033F88D /* _____Tests.m */ = {isa = PBXFileReference; lastKnownFileType = sourcecode.c.objc; path = "_____Tests.m"; sourceTree = "<group>"; };
		2ECA583E1E4C3ADC0033F88D /* Info.plist */ = {isa = PBXFileReference; lastKnownFileType = text.plist.xml; path = Info.plist; sourceTree = "<group>"; };
		2ECA58431E4C3ADC0033F88D /* 图片查看器UITests.xctest */ = {isa = PBXFileReference; explicitFileType = wrapper.cfbundle; includeInIndex = 0; path = "图片查看器UITests.xctest"; sourceTree = BUILT_PRODUCTS_DIR; };
		2ECA58471E4C3ADC0033F88D /* _____UITests.m */ = {isa = PBXFileReference; lastKnownFileType = sourcecode.c.objc; path = "_____UITests.m"; sourceTree = "<group>"; };
		2ECA58491E4C3ADC0033F88D /* Info.plist */ = {isa = PBXFileReference; lastKnownFileType = text.plist.xml; path = Info.plist; sourceTree = "<group>"; };
/* End PBXFileReference section */

/* Begin PBXFrameworksBuildPhase section */
		2ECA581C1E4C3ADC0033F88D /* Frameworks */ = {
			isa = PBXFrameworksBuildPhase;
			buildActionMask = 2147483647;
			files = (
			);
			runOnlyForDeploymentPostprocessing = 0;
		};
		2ECA58351E4C3ADC0033F88D /* Frameworks */ = {
			isa = PBXFrameworksBuildPhase;
			buildActionMask = 2147483647;
			files = (
			);
			runOnlyForDeploymentPostprocessing = 0;
		};
		2ECA58401E4C3ADC0033F88D /* Frameworks */ = {
			isa = PBXFrameworksBuildPhase;
			buildActionMask = 2147483647;
			files = (
			);
			runOnlyForDeploymentPostprocessing = 0;
		};
/* End PBXFrameworksBuildPhase section */

/* Begin PBXGroup section */
		2ECA58161E4C3ADC0033F88D = {
			isa = PBXGroup;
			children = (
				2ECA58211E4C3ADC0033F88D /* 图片查看器 */,
				2ECA583B1E4C3ADC0033F88D /* 图片查看器Tests */,
				2ECA58461E4C3ADC0033F88D /* 图片查看器UITests */,
				2ECA58201E4C3ADC0033F88D /* Products */,
			);
			sourceTree = "<group>";
		};
		2ECA58201E4C3ADC0033F88D /* Products */ = {
			isa = PBXGroup;
			children = (
				2ECA581F1E4C3ADC0033F88D /* 图片查看器.app */,
				2ECA58381E4C3ADC0033F88D /* 图片查看器Tests.xctest */,
				2ECA58431E4C3ADC0033F88D /* 图片查看器UITests.xctest */,
			);
			name = Products;
			sourceTree = "<group>";
		};
		2ECA58211E4C3ADC0033F88D /* 图片查看器 */ = {
			isa = PBXGroup;
			children = (
				2ECA58251E4C3ADC0033F88D /* AppDelegate.h */,
				2ECA58261E4C3ADC0033F88D /* AppDelegate.m */,
				2ECA58281E4C3ADC0033F88D /* ViewController.h */,
				2ECA58291E4C3ADC0033F88D /* ViewController.m */,
				2ECA582B1E4C3ADC0033F88D /* Main.storyboard */,
				2ECA582E1E4C3ADC0033F88D /* Assets.xcassets */,
				2ECA58301E4C3ADC0033F88D /* LaunchScreen.storyboard */,
				2ECA58331E4C3ADC0033F88D /* Info.plist */,
				2ECA58221E4C3ADC0033F88D /* Supporting Files */,
			);
			path = "图片查看器";
			sourceTree = "<group>";
		};
		2ECA58221E4C3ADC0033F88D /* Supporting Files */ = {
			isa = PBXGroup;
			children = (
				2ECA58231E4C3ADC0033F88D /* main.m */,
			);
			name = "Supporting Files";
			sourceTree = "<group>";
		};
		2ECA583B1E4C3ADC0033F88D /* 图片查看器Tests */ = {
			isa = PBXGroup;
			children = (
				2ECA583C1E4C3ADC0033F88D /* _____Tests.m */,
				2ECA583E1E4C3ADC0033F88D /* Info.plist */,
			);
			path = "图片查看器Tests";
			sourceTree = "<group>";
		};
		2ECA58461E4C3ADC0033F88D /* 图片查看器UITests */ = {
			isa = PBXGroup;
			children = (
				2ECA58471E4C3ADC0033F88D /* _____UITests.m */,
				2ECA58491E4C3ADC0033F88D /* Info.plist */,
			);
			path = "图片查看器UITests";
			sourceTree = "<group>";
		};
/* End PBXGroup section */

/* Begin PBXNativeTarget section */
		2ECA581E1E4C3ADC0033F88D /* 图片查看器 */ = {
			isa = PBXNativeTarget;
			buildConfigurationList = 2ECA584C1E4C3ADC0033F88D /* Build configuration list for PBXNativeTarget "图片查看器" */;
			buildPhases = (
				2ECA581B1E4C3ADC0033F88D /* Sources */,
				2ECA581C1E4C3ADC0033F88D /* Frameworks */,
				2ECA581D1E4C3ADC0033F88D /* Resources */,
			);
			buildRules = (
			);
			dependencies = (
			);
			name = "图片查看器";
			productName = "图片查看器";
			productReference = 2ECA581F1E4C3ADC0033F88D /* 图片查看器.app */;
			productType = "com.apple.product-type.application";
		};
		2ECA58371E4C3ADC0033F88D /* 图片查看器Tests */ = {
			isa = PBXNativeTarget;
			buildConfigurationList = 2ECA584F1E4C3ADC0033F88D /* Build configuration list for PBXNativeTarget "图片查看器Tests" */;
			buildPhases = (
				2ECA58341E4C3ADC0033F88D /* Sources */,
				2ECA58351E4C3ADC0033F88D /* Frameworks */,
				2ECA58361E4C3ADC0033F88D /* Resources */,
			);
			buildRules = (
			);
			dependencies = (
				2ECA583A1E4C3ADC0033F88D /* PBXTargetDependency */,
			);
			name = "图片查看器Tests";
			productName = "图片查看器Tests";
			productReference = 2ECA58381E4C3ADC0033F88D /* 图片查看器Tests.xctest */;
			productType = "com.apple.product-type.bundle.unit-test";
		};
		2ECA58421E4C3ADC0033F88D /* 图片查看器UITests */ = {
			isa = PBXNativeTarget;
			buildConfigurationList = 2ECA58521E4C3ADC0033F88D /* Build configuration list for PBXNativeTarget "图片查看器UITests" */;
			buildPhases = (
				2ECA583F1E4C3ADC0033F88D /* Sources */,
				2ECA58401E4C3ADC0033F88D /* Frameworks */,
				2ECA58411E4C3ADC0033F88D /* Resources */,
			);
			buildRules = (
			);
			dependencies = (
				2ECA58451E4C3ADC0033F88D /* PBXTargetDependency */,
			);
			name = "图片查看器UITests";
			productName = "图片查看器UITests";
			productReference = 2ECA58431E4C3ADC0033F88D /* 图片查看器UITests.xctest */;
			productType = "com.apple.product-type.bundle.ui-testing";
		};
/* End PBXNativeTarget section */

/* Begin PBXProject section */
		2ECA58171E4C3ADC0033F88D /* Project object */ = {
			isa = PBXProject;
			attributes = {
				LastUpgradeCheck = 0800;
				ORGANIZATIONNAME = View;
				TargetAttributes = {
					2ECA581E1E4C3ADC0033F88D = {
						CreatedOnToolsVersion = 8.0;
						ProvisioningStyle = Automatic;
					};
					2ECA58371E4C3ADC0033F88D = {
						CreatedOnToolsVersion = 8.0;
						ProvisioningStyle = Automatic;
						TestTargetID = 2ECA581E1E4C3ADC0033F88D;
					};
					2ECA58421E4C3ADC0033F88D = {
						CreatedOnToolsVersion = 8.0;
						ProvisioningStyle = Automatic;
						TestTargetID = 2ECA581E1E4C3ADC0033F88D;
					};
				};
			};
			buildConfigurationList = 2ECA581A1E4C3ADC0033F88D /* Build configuration list for PBXProject "图片查看器" */;
			compatibilityVersion = "Xcode 3.2";
			developmentRegion = English;
			hasScannedForEncodings = 0;
			knownRegions = (
				en,
				Base,
			);
			mainGroup = 2ECA58161E4C3ADC0033F88D;
			productRefGroup = 2ECA58201E4C3ADC0033F88D /* Products */;
			projectDirPath = "";
			projectRoot = "";
			targets = (
				2ECA581E1E4C3ADC0033F88D /* 图片查看器 */,
				2ECA58371E4C3ADC0033F88D /* 图片查看器Tests */,
				2ECA58421E4C3ADC0033F88D /* 图片查看器UITests */,
			);
		};
/* End PBXProject section */

/* Begin PBXResourcesBuildPhase section */
		2ECA581D1E4C3ADC0033F88D /* Resources */ = {
			isa = PBXResourcesBuildPhase;
			buildActionMask = 2147483647;
			files = (
				2ECA58321E4C3ADC0033F88D /* LaunchScreen.storyboard in Resources */,
				2ECA582F1E4C3ADC0033F88D /* Assets.xcassets in Resources */,
				2ECA582D1E4C3ADC0033F88D /* Main.storyboard in Resources */,
			);
			runOnlyForDeploymentPostprocessing = 0;
		};
		2ECA58361E4C3ADC0033F88D /* Resources */ = {
			isa = PBXResourcesBuildPhase;
			buildActionMask = 2147483647;
			files = (
			);
			runOnlyForDeploymentPostprocessing = 0;
		};
		2ECA58411E4C3ADC0033F88D /* Resources */ = {
			isa = PBXResourcesBuildPhase;
			buildActionMask = 2147483647;
			files = (
			);
			runOnlyForDeploymentPostprocessing = 0;
		};
/* End PBXResourcesBuildPhase section */

/* Begin PBXSourcesBuildPhase section */
		2ECA581B1E4C3ADC0033F88D /* Sources */ = {
			isa = PBXSourcesBuildPhase;
			buildActionMask = 2147483647;
			files = (
				2ECA582A1E4C3ADC0033F88D /* ViewController.m in Sources */,
				2ECA58271E4C3ADC0033F88D /* AppDelegate.m in Sources */,
				2ECA58241E4C3ADC0033F88D /* main.m in Sources */,
			);
			runOnlyForDeploymentPostprocessing = 0;
		};
		2ECA58341E4C3ADC0033F88D /* Sources */ = {
			isa = PBXSourcesBuildPhase;
			buildActionMask = 2147483647;
			files = (
				2ECA583D1E4C3ADC0033F88D /* _____Tests.m in Sources */,
			);
			runOnlyForDeploymentPostprocessing = 0;
		};
		2ECA583F1E4C3ADC0033F88D /* Sources */ = {
			isa = PBXSourcesBuildPhase;
			buildActionMask = 2147483647;
			files = (
				2ECA58481E4C3ADC0033F88D /* _____UITests.m in Sources */,
			);
			runOnlyForDeploymentPostprocessing = 0;
		};
/* End PBXSourcesBuildPhase section */

/* Begin PBXTargetDependency section */
		2ECA583A1E4C3ADC0033F88D /* PBXTargetDependency */ = {
			isa = PBXTargetDependency;
			target = 2ECA581E1E4C3ADC0033F88D /* 图片查看器 */;
			targetProxy = 2ECA58391E4C3ADC0033F88D /* PBXContainerItemProxy */;
		};
		2ECA58451E4C3ADC0033F88D /* PBXTargetDependency */ = {
			isa = PBXTargetDependency;
			target = 2ECA581E1E4C3ADC0033F88D /* 图片查看器 */;
			targetProxy = 2ECA58441E4C3ADC0033F88D /* PBXContainerItemProxy */;
		};
/* End PBXTargetDependency section */

/* Begin PBXVariantGroup section */
		2ECA582B1E4C3ADC0033F88D /* Main.storyboard */ = {
			isa = PBXVariantGroup;
			children = (
				2ECA582C1E4C3ADC0033F88D /* Base */,
			);
			name = Main.storyboard;
			sourceTree = "<group>";
		};
		2ECA58301E4C3ADC0033F88D /* LaunchScreen.storyboard */ = {
			isa = PBXVariantGroup;
			children = (
				2ECA58311E4C3ADC0033F88D /* Base */,
			);
			name = LaunchScreen.storyboard;
			sourceTree = "<group>";
		};
/* End PBXVariantGroup section */

/* Begin XCBuildConfiguration section */
		2ECA584A1E4C3ADC0033F88D /* Debug */ = {
			isa = XCBuildConfiguration;
			buildSettings = {
				ALWAYS_SEARCH_USER_PATHS = NO;
				CLANG_ANALYZER_NONNULL = YES;
				CLANG_CXX_LANGUAGE_STANDARD = "gnu++0x";
				CLANG_CXX_LIBRARY = "libc++";
				CLANG_ENABLE_MODULES = YES;
				CLANG_ENABLE_OBJC_ARC = YES;
				CLANG_WARN_BOOL_CONVERSION = YES;
				CLANG_WARN_CONSTANT_CONVERSION = YES;
				CLANG_WARN_DIRECT_OBJC_ISA_USAGE = YES_ERROR;
				CLANG_WARN_DOCUMENTATION_COMMENTS = YES;
				CLANG_WARN_EMPTY_BODY = YES;
				CLANG_WARN_ENUM_CONVERSION = YES;
				CLANG_WARN_INFINITE_RECURSION = YES;
				CLANG_WARN_INT_CONVERSION = YES;
				CLANG_WARN_OBJC_ROOT_CLASS = YES_ERROR;
				CLANG_WARN_SUSPICIOUS_MOVES = YES;
				CLANG_WARN_UNREACHABLE_CODE = YES;
				CLANG_WARN__DUPLICATE_METHOD_MATCH = YES;
				"CODE_SIGN_IDENTITY[sdk=iphoneos*]" = "iPhone Developer";
				COPY_PHASE_STRIP = NO;
				DEBUG_INFORMATION_FORMAT = dwarf;
				ENABLE_STRICT_OBJC_MSGSEND = YES;
				ENABLE_TESTABILITY = YES;
				GCC_C_LANGUAGE_STANDARD = gnu99;
				GCC_DYNAMIC_NO_PIC = NO;
				GCC_NO_COMMON_BLOCKS = YES;
				GCC_OPTIMIZATION_LEVEL = 0;
				GCC_PREPROCESSOR_DEFINITIONS = (
					"DEBUG=1",
					"$(inherited)",
				);
				GCC_WARN_64_TO_32_BIT_CONVERSION = YES;
				GCC_WARN_ABOUT_RETURN_TYPE = YES_ERROR;
				GCC_WARN_UNDECLARED_SELECTOR = YES;
				GCC_WARN_UNINITIALIZED_AUTOS = YES_AGGRESSIVE;
				GCC_WARN_UNUSED_FUNCTION = YES;
				GCC_WARN_UNUSED_VARIABLE = YES;
				IPHONEOS_DEPLOYMENT_TARGET = 10.0;
				MTL_ENABLE_DEBUG_INFO = YES;
				ONLY_ACTIVE_ARCH = YES;
				SDKROOT = iphoneos;
			};
			name = Debug;
		};
		2ECA584B1E4C3ADC0033F88D /* Release */ = {
			isa = XCBuildConfiguration;
			buildSettings = {
				ALWAYS_SEARCH_USER_PATHS = NO;
				CLANG_ANALYZER_NONNULL = YES;
				CLANG_CXX_LANGUAGE_STANDARD = "gnu++0x";
				CLANG_CXX_LIBRARY = "libc++";
				CLANG_ENABLE_MODULES = YES;
				CLANG_ENABLE_OBJC_ARC = YES;
				CLANG_WARN_BOOL_CONVERSION = YES;
				CLANG_WARN_CONSTANT_CONVERSION = YES;
				CLANG_WARN_DIRECT_OBJC_ISA_USAGE = YES_ERROR;
				CLANG_WARN_DOCUMENTATION_COMMENTS = YES;
				CLANG_WARN_EMPTY_BODY = YES;
				CLANG_WARN_ENUM_CONVERSION = YES;
				CLANG_WARN_INFINITE_RECURSION = YES;
				CLANG_WARN_INT_CONVERSION = YES;
				CLANG_WARN_OBJC_ROOT_CLASS = YES_ERROR;
				CLANG_WARN_SUSPICIOUS_MOVES = YES;
				CLANG_WARN_UNREACHABLE_CODE = YES;
				CLANG_WARN__DUPLICATE_METHOD_MATCH = YES;
				"CODE_SIGN_IDENTITY[sdk=iphoneos*]" = "iPhone Developer";
				COPY_PHASE_STRIP = NO;
				DEBUG_INFORMATION_FORMAT = "dwarf-with-dsym";
				ENABLE_NS_ASSERTIONS = NO;
				ENABLE_STRICT_OBJC_MSGSEND = YES;
				GCC_C_LANGUAGE_STANDARD = gnu99;
				GCC_NO_COMMON_BLOCKS = YES;
				GCC_WARN_64_TO_32_BIT_CONVERSION = YES;
				GCC_WARN_ABOUT_RETURN_TYPE = YES_ERROR;
				GCC_WARN_UNDECLARED_SELECTOR = YES;
				GCC_WARN_UNINITIALIZED_AUTOS = YES_AGGRESSIVE;
				GCC_WARN_UNUSED_FUNCTION = YES;
				GCC_WARN_UNUSED_VARIABLE = YES;
				IPHONEOS_DEPLOYMENT_TARGET = 10.0;
				MTL_ENABLE_DEBUG_INFO = NO;
				SDKROOT = iphoneos;
				VALIDATE_PRODUCT = YES;
			};
			name = Release;
		};
		2ECA584D1E4C3ADC0033F88D /* Debug */ = {
			isa = XCBuildConfiguration;
			buildSettings = {
				ASSETCATALOG_COMPILER_APPICON_NAME = AppIcon;
				INFOPLIST_FILE = "图片查看器/Info.plist";
				LD_RUNPATH_SEARCH_PATHS = "$(inherited) @executable_path/Frameworks";
				PRODUCT_BUNDLE_IDENTIFIER = "com.test.-----";
				PRODUCT_NAME = "$(TARGET_NAME)";
			};
			name = Debug;
		};
		2ECA584E1E4C3ADC0033F88D /* Release */ = {
			isa = XCBuildConfiguration;
			buildSettings = {
				ASSETCATALOG_COMPILER_APPICON_NAME = AppIcon;
				INFOPLIST_FILE = "图片查看器/Info.plist";
				LD_RUNPATH_SEARCH_PATHS = "$(inherited) @executable_path/Frameworks";
				PRODUCT_BUNDLE_IDENTIFIER = "com.test.-----";
				PRODUCT_NAME = "$(TARGET_NAME)";
			};
			name = Release;
		};
		2ECA58501E4C3ADC0033F88D /* Debug */ = {
			isa = XCBuildConfiguration;
			buildSettings = {
				BUNDLE_LOADER = "$(TEST_HOST)";
				INFOPLIST_FILE = "图片查看器Tests/Info.plist";
				LD_RUNPATH_SEARCH_PATHS = "$(inherited) @executable_path/Frameworks @loader_path/Frameworks";
				PRODUCT_BUNDLE_IDENTIFIER = "com.test.-----Tests";
				PRODUCT_NAME = "$(TARGET_NAME)";
				TEST_HOST = "$(BUILT_PRODUCTS_DIR)/图片查看器.app/图片查看器";
			};
			name = Debug;
		};
		2ECA58511E4C3ADC0033F88D /* Release */ = {
			isa = XCBuildConfiguration;
			buildSettings = {
				BUNDLE_LOADER = "$(TEST_HOST)";
				INFOPLIST_FILE = "图片查看器Tests/Info.plist";
				LD_RUNPATH_SEARCH_PATHS = "$(inherited) @executable_path/Frameworks @loader_path/Frameworks";
				PRODUCT_BUNDLE_IDENTIFIER = "com.test.-----Tests";
				PRODUCT_NAME = "$(TARGET_NAME)";
				TEST_HOST = "$(BUILT_PRODUCTS_DIR)/图片查看器.app/图片查看器";
			};
			name = Release;
		};
		2ECA58531E4C3ADC0033F88D /* Debug */ = {
			isa = XCBuildConfiguration;
			buildSettings = {
				INFOPLIST_FILE = "图片查看器UITests/Info.plist";
				LD_RUNPATH_SEARCH_PATHS = "$(inherited) @executable_path/Frameworks @loader_path/Frameworks";
				PRODUCT_BUNDLE_IDENTIFIER = "com.test.-----UITests";
				PRODUCT_NAME = "$(TARGET_NAME)";
				TEST_TARGET_NAME = "图片查看器";
			};
			name = Debug;
		};
		2ECA58541E4C3ADC0033F88D /* Release */ = {
			isa = XCBuildConfiguration;
			buildSettings = {
				INFOPLIST_FILE = "图片查看器UITests/Info.plist";
				LD_RUNPATH_SEARCH_PATHS = "$(inherited) @executable_path/Frameworks @loader_path/Frameworks";
				PRODUCT_BUNDLE_IDENTIFIER = "com.test.-----UITests";
				PRODUCT_NAME = "$(TARGET_NAME)";
				TEST_TARGET_NAME = "图片查看器";
			};
			name = Release;
		};
/* End XCBuildConfiguration section */

/* Begin XCConfigurationList section */
		2ECA581A1E4C3ADC0033F88D /* Build configuration list for PBXProject "图片查看器" */ = {
			isa = XCConfigurationList;
			buildConfigurations = (
				2ECA584A1E4C3ADC0033F88D /* Debug */,
				2ECA584B1E4C3ADC0033F88D /* Release */,
			);
			defaultConfigurationIsVisible = 0;
			defaultConfigurationName = Release;
		};
		2ECA584C1E4C3ADC0033F88D /* Build configuration list for PBXNativeTarget "图片查看器" */ = {
			isa = XCConfigurationList;
			buildConfigurations = (
				2ECA584D1E4C3ADC0033F88D /* Debug */,
				2ECA584E1E4C3ADC0033F88D /* Release */,
			);
			defaultConfigurationIsVisible = 0;
		};
		2ECA584F1E4C3ADC0033F88D /* Build configuration list for PBXNativeTarget "图片查看器Tests" */ = {
			isa = XCConfigurationList;
			buildConfigurations = (
				2ECA58501E4C3ADC0033F88D /* Debug */,
				2ECA58511E4C3ADC0033F88D /* Release */,
			);
			defaultConfigurationIsVisible = 0;
		};
		2ECA58521E4C3ADC0033F88D /* Build configuration list for PBXNativeTarget "图片查看器UITests" */ = {
			isa = XCConfigurationList;
			buildConfigurations = (
				2ECA58531E4C3ADC0033F88D /* Debug */,
				2ECA58541E4C3ADC0033F88D /* Release */,
			);
			defaultConfigurationIsVisible = 0;
		};
/* End XCConfigurationList section */
	};
	rootObject = 2ECA58171E4C3ADC0033F88D /* Project object */;
}
